
Microsoft Visual Studio Solution File, Format Version 12.00
# Visual Studio Version 17
VisualStudioVersion = 17.8.34330.188
MinimumVisualStudioVersion = 10.0.40219.1
Project("{FAE04EC0-301F-11D3-BF4B-00C04F79EFBC}") = "linq_joins_ex", "linq_joins_ex\linq_joins_ex.csproj", "{E400FC42-3659-4A73-8C71-9A51FA611251}"
EndProject
Global
	GlobalSection(SolutionConfigurationPlatforms) = preSolution
		Debug|Any CPU = Debug|Any CPU
		Release|Any CPU = Release|Any CPU
	EndGlobalSection
	GlobalSection(ProjectConfigurationPlatforms) = postSolution
		{E400FC42-3659-4A73-8C71-9A51FA611251}.Debug|Any CPU.ActiveCfg = Debug|Any CPU
		{E400FC42-3659-4A73-8C71-9A51FA611251}.Debug|Any CPU.Build.0 = Debug|Any CPU
		{E400FC42-3659-4A73-8C71-9A51FA611251}.Release|Any CPU.ActiveCfg = Release|Any CPU
		{E400FC42-3659-4A73-8C71-9A51FA611251}.Release|Any CPU.Build.0 = Release|Any CPU
	EndGlobalSection
	GlobalSection(SolutionProperties) = preSolution
		HideSolutionNode = FALSE
	EndGlobalSection
	GlobalSection(ExtensibilityGlobals) = postSolution
		SolutionGuid = {CD63DB44-479E-4615-BA07-F2F1E161CBBF}
	EndGlobalSection
EndGlobal
